
Microsoft Visual Studio Solution File, Format Version 12.00
# Visual Studio Version 16
VisualStudioVersion = 16.0.31729.503
MinimumVisualStudioVersion = 10.0.40219.1
Project("{9A19103F-16F7-4668-BE54-9A1E7A4F7556}") = "iTechArtPizzaTask.Core", "iTechArtPizzaTask.Core\iTechArtPizzaTask.Core.csproj", "{2272B3F8-6899-442C-9818-0E57253A70BD}"
EndProject
Project("{9A19103F-16F7-4668-BE54-9A1E7A4F7556}") = "iTechArtPizzaTask.Infrastructure", "iTechArtPizzaTask.Infrastructure\iTechArtPizzaTask.Infrastructure.csproj", "{B75E9FEF-3E1F-4A53-8143-9D58EAC104C2}"
EndProject
Project("{9A19103F-16F7-4668-BE54-9A1E7A4F7556}") = "iTechArtPizzaTask.WebUI", "iTechArtPizzaTask.WebUI\iTechArtPizzaTask.WebUI.csproj", "{88AEAAF4-AFEA-4E07-91FB-8B5F252EB758}"
EndProject
Global
	GlobalSection(SolutionConfigurationPlatforms) = preSolution
		Debug|Any CPU = Debug|Any CPU
		Release|Any CPU = Release|Any CPU
	EndGlobalSection
	GlobalSection(ProjectConfigurationPlatforms) = postSolution
		{2272B3F8-6899-442C-9818-0E57253A70BD}.Debug|Any CPU.ActiveCfg = Debug|Any CPU
		{2272B3F8-6899-442C-9818-0E57253A70BD}.Debug|Any CPU.Build.0 = Debug|Any CPU
		{2272B3F8-6899-442C-9818-0E57253A70BD}.Release|Any CPU.ActiveCfg = Release|Any CPU
		{2272B3F8-6899-442C-9818-0E57253A70BD}.Release|Any CPU.Build.0 = Release|Any CPU
		{B75E9FEF-3E1F-4A53-8143-9D58EAC104C2}.Debug|Any CPU.ActiveCfg = Debug|Any CPU
		{B75E9FEF-3E1F-4A53-8143-9D58EAC104C2}.Debug|Any CPU.Build.0 = Debug|Any CPU
		{B75E9FEF-3E1F-4A53-8143-9D58EAC104C2}.Release|Any CPU.ActiveCfg = Release|Any CPU
		{B75E9FEF-3E1F-4A53-8143-9D58EAC104C2}.Release|Any CPU.Build.0 = Release|Any CPU
		{88AEAAF4-AFEA-4E07-91FB-8B5F252EB758}.Debug|Any CPU.ActiveCfg = Debug|Any CPU
		{88AEAAF4-AFEA-4E07-91FB-8B5F252EB758}.Debug|Any CPU.Build.0 = Debug|Any CPU
		{88AEAAF4-AFEA-4E07-91FB-8B5F252EB758}.Release|Any CPU.ActiveCfg = Release|Any CPU
		{88AEAAF4-AFEA-4E07-91FB-8B5F252EB758}.Release|Any CPU.Build.0 = Release|Any CPU
	EndGlobalSection
	GlobalSection(SolutionProperties) = preSolution
		HideSolutionNode = FALSE
	EndGlobalSection
	GlobalSection(ExtensibilityGlobals) = postSolution
		SolutionGuid = {8191E117-E541-42D0-B09B-92573FDF52BA}
	EndGlobalSection
EndGlobal
